// !$*UTF8*$!
{
	archiveVersion = 1;
	classes = {
	};
	objectVersion = 60;
	objects = {

/* Begin PBXBuildFile section */
		CC0000000000000000000011 = {isa = PBXBuildFile; fileRef = CC0000000000000000000021; };
		CC0000000000000000000012 = {isa = PBXBuildFile; fileRef = CC0000000000000000000022; };
		CC0000000000000000000013 = {isa = PBXBuildFile; productRef = CC0000000000000000000071; };
		CC0000000000000000000014 = {isa = PBXBuildFile; productRef = CC0000000000000000000072; };
		CC0000000000000000000015 = {isa = PBXBuildFile; fileRef = CC0000000000000000000023; };
		CC0000000000000000000016 = {isa = PBXBuildFile; fileRef = CC0000000000000000000024; };
		CC0000000000000000000017 = {isa = PBXBuildFile; fileRef = CC0000000000000000000025; settings = {ATTRIBUTES = (RemoveHeadersOnCopy, ); }; };
		2FAD9763203C412B000D30F8 /* config.xml in Resources */ = {isa = PBXBuildFile; fileRef = 2FAD9762203C412B000D30F8 /* config.xml */; };
		4D22ABE92AF431CB00220026 /* CapApp-SPM in Frameworks */ = {isa = PBXBuildFile; productRef = 4D22ABE82AF431CB00220026 /* CapApp-SPM */; };
		50379B232058CBB4000EE86E /* capacitor.config.json in Resources */ = {isa = PBXBuildFile; fileRef = 50379B222058CBB4000EE86E /* capacitor.config.json */; };
		504EC3081FED79650016851F /* AppDelegate.swift in Sources */ = {isa = PBXBuildFile; fileRef = 504EC3071FED79650016851F /* AppDelegate.swift */; };
		504EC30D1FED79650016851F /* Main.storyboard in Resources */ = {isa = PBXBuildFile; fileRef = 504EC30B1FED79650016851F /* Main.storyboard */; };
		504EC30F1FED79650016851F /* Assets.xcassets in Resources */ = {isa = PBXBuildFile; fileRef = 504EC30E1FED79650016851F /* Assets.xcassets */; };
		504EC3121FED79650016851F /* LaunchScreen.storyboard in Resources */ = {isa = PBXBuildFile; fileRef = 504EC3101FED79650016851F /* LaunchScreen.storyboard */; };
		50B271D11FEDC1A000F3C39B /* public in Resources */ = {isa = PBXBuildFile; fileRef = 50B271D01FEDC1A000F3C39B /* public */; };
		9582B6832FE993A70072D4E8 /* SceneDelegate.swift in Sources */ = {isa = PBXBuildFile; fileRef = 9582B6822FE993A50072D4E8 /* SceneDelegate.swift */; };
		CA0000000000000000000001 /* TikkunPlaybackPlugin.swift in Sources */ = {isa = PBXBuildFile; fileRef = CA0000000000000000000002 /* TikkunPlaybackPlugin.swift */; };
		CA0000000000000000000003 /* TikkunPlayback in Frameworks */ = {isa = PBXBuildFile; productRef = CA0000000000000000000004 /* TikkunPlayback */; };
		CB0000000000000000000001 /* TikkunMediaPlugin.swift in Sources */ = {isa = PBXBuildFile; fileRef = CB0000000000000000000002 /* TikkunMediaPlugin.swift */; };
		CB0000000000000000000003 /* TikkunMedia in Frameworks */ = {isa = PBXBuildFile; productRef = CB0000000000000000000004 /* TikkunMedia */; };
		CB0000000000000000000006 /* PrivacyInfo.xcprivacy in Resources */ = {isa = PBXBuildFile; fileRef = CB0000000000000000000007 /* PrivacyInfo.xcprivacy */; };
/* End PBXBuildFile section */

/* Begin PBXFileReference section */
		CC0000000000000000000021 = {isa = PBXFileReference; lastKnownFileType = sourcecode.swift; path = TikkunPracticePlugin.swift; sourceTree = "<group>"; };
		CC0000000000000000000022 = {isa = PBXFileReference; lastKnownFileType = sourcecode.swift; path = UpcomingReadingsIntent.swift; sourceTree = "<group>"; };
		CC0000000000000000000023 = {isa = PBXFileReference; lastKnownFileType = sourcecode.swift; path = TikkunWidgets.swift; sourceTree = "<group>"; };
		CC0000000000000000000024 = {isa = PBXFileReference; lastKnownFileType = sourcecode.swift; path = PracticeWidgetView.swift; sourceTree = "<group>"; };
		CC0000000000000000000025 = {isa = PBXFileReference; explicitFileType = "wrapper.app-extension"; includeInIndex = 0; path = TikkunWidgets.appex; sourceTree = BUILT_PRODUCTS_DIR; };
		2FAD9762203C412B000D30F8 /* config.xml */ = {isa = PBXFileReference; lastKnownFileType = text.xml; path = config.xml; sourceTree = "<group>"; };
		50379B222058CBB4000EE86E /* capacitor.config.json */ = {isa = PBXFileReference; fileEncoding = 4; lastKnownFileType = text.json; path = capacitor.config.json; sourceTree = "<group>"; };
		504EC3041FED79650016851F /* App.app */ = {isa = PBXFileReference; explicitFileType = wrapper.application; includeInIndex = 0; path = App.app; sourceTree = BUILT_PRODUCTS_DIR; };
		504EC3071FED79650016851F /* AppDelegate.swift */ = {isa = PBXFileReference; lastKnownFileType = sourcecode.swift; path = AppDelegate.swift; sourceTree = "<group>"; };
		504EC30C1FED79650016851F /* Base */ = {isa = PBXFileReference; lastKnownFileType = file.storyboard; name = Base; path = Base.lproj/Main.storyboard; sourceTree = "<group>"; };
		504EC30E1FED79650016851F /* Assets.xcassets */ = {isa = PBXFileReference; lastKnownFileType = folder.assetcatalog; path = Assets.xcassets; sourceTree = "<group>"; };
		504EC3111FED79650016851F /* Base */ = {isa = PBXFileReference; lastKnownFileType = file.storyboard; name = Base; path = Base.lproj/LaunchScreen.storyboard; sourceTree = "<group>"; };
		504EC3131FED79650016851F /* Info.plist */ = {isa = PBXFileReference; lastKnownFileType = text.plist.xml; path = Info.plist; sourceTree = "<group>"; };
		50B271D01FEDC1A000F3C39B /* public */ = {isa = PBXFileReference; lastKnownFileType = folder; path = public; sourceTree = "<group>"; };
		9582B6822FE993A50072D4E8 /* SceneDelegate.swift */ = {isa = PBXFileReference; lastKnownFileType = sourcecode.swift; path = SceneDelegate.swift; sourceTree = "<group>"; };
		958DCC722DB07C7200EA8C5F /* debug.xcconfig */ = {isa = PBXFileReference; lastKnownFileType = text.xcconfig; name = debug.xcconfig; path = ../debug.xcconfig; sourceTree = SOURCE_ROOT; };
		CA0000000000000000000002 /* TikkunPlaybackPlugin.swift */ = {isa = PBXFileReference; lastKnownFileType = sourcecode.swift; path = TikkunPlaybackPlugin.swift; sourceTree = "<group>"; };
		CB0000000000000000000002 /* TikkunMediaPlugin.swift */ = {isa = PBXFileReference; lastKnownFileType = sourcecode.swift; path = TikkunMediaPlugin.swift; sourceTree = "<group>"; };
		CB0000000000000000000007 /* PrivacyInfo.xcprivacy */ = {isa = PBXFileReference; lastKnownFileType = text.xml; path = PrivacyInfo.xcprivacy; sourceTree = "<group>"; };
/* End PBXFileReference section */

/* Begin PBXFrameworksBuildPhase section */
		CC0000000000000000000042 = {isa = PBXFrameworksBuildPhase; buildActionMask = 2147483647; files = (CC0000000000000000000014, ); runOnlyForDeploymentPostprocessing = 0; };
		504EC3011FED79650016851F /* Frameworks */ = {
			isa = PBXFrameworksBuildPhase;
			buildActionMask = 2147483647;
			files = (
				4D22ABE92AF431CB00220026 /* CapApp-SPM in Frameworks */,
				CA0000000000000000000003 /* TikkunPlayback in Frameworks */,
				CB0000000000000000000003 /* TikkunMedia in Frameworks */,
				CC0000000000000000000013,
			);
			runOnlyForDeploymentPostprocessing = 0;
		};
/* End PBXFrameworksBuildPhase section */

/* Begin PBXGroup section */
		CC0000000000000000000031 = {isa = PBXGroup; children = (CC0000000000000000000023, CC0000000000000000000024, ); path = TikkunWidgets; sourceTree = "<group>"; };
		504EC2FB1FED79650016851F = {
			isa = PBXGroup;
			children = (
				958DCC722DB07C7200EA8C5F /* debug.xcconfig */,
				504EC3061FED79650016851F /* App */,
				CC0000000000000000000031,
				504EC3051FED79650016851F /* Products */,
			);
			sourceTree = "<group>";
		};
		504EC3051FED79650016851F /* Products */ = {
			isa = PBXGroup;
			children = (
				504EC3041FED79650016851F /* App.app */,
				CC0000000000000000000025,
			);
			name = Products;
			sourceTree = "<group>";
		};
		504EC3061FED79650016851F /* App */ = {
			isa = PBXGroup;
			children = (
				9582B6822FE993A50072D4E8 /* SceneDelegate.swift */,
				50379B222058CBB4000EE86E /* capacitor.config.json */,
				504EC3071FED79650016851F /* AppDelegate.swift */,
				CA0000000000000000000002 /* TikkunPlaybackPlugin.swift */,
				CB0000000000000000000002 /* TikkunMediaPlugin.swift */,
				CC0000000000000000000021,
				CC0000000000000000000022,
				CB0000000000000000000007 /* PrivacyInfo.xcprivacy */,
				504EC30B1FED79650016851F /* Main.storyboard */,
				504EC30E1FED79650016851F /* Assets.xcassets */,
				504EC3101FED79650016851F /* LaunchScreen.storyboard */,
				504EC3131FED79650016851F /* Info.plist */,
				2FAD9762203C412B000D30F8 /* config.xml */,
				50B271D01FEDC1A000F3C39B /* public */,
			);
			path = App;
			sourceTree = "<group>";
		};
/* End PBXGroup section */

/* Begin PBXNativeTarget section */
		CC0000000000000000000051 = {
			isa = PBXNativeTarget;
			buildConfigurationList = CC0000000000000000000063;
			buildPhases = (CC0000000000000000000041, CC0000000000000000000042, CC0000000000000000000043, );
			buildRules = (); dependencies = ();
			name = TikkunWidgets;
			packageProductDependencies = (CC0000000000000000000072, );
			productName = TikkunWidgets;
			productReference = CC0000000000000000000025;
			productType = "com.apple.product-type.app-extension";
		};
		504EC3031FED79650016851F /* App */ = {
			isa = PBXNativeTarget;
			buildConfigurationList = 504EC3161FED79650016851F /* Build configuration list for PBXNativeTarget "App" */;
			buildPhases = (
				504EC3001FED79650016851F /* Sources */,
				504EC3011FED79650016851F /* Frameworks */,
				504EC3021FED79650016851F /* Resources */,
				CC0000000000000000000044,
			);
			buildRules = (
			);
			dependencies = (
				CC0000000000000000000082,
			);
			name = App;
			packageProductDependencies = (
				4D22ABE82AF431CB00220026 /* CapApp-SPM */,
				CA0000000000000000000004 /* TikkunPlayback */,
				CB0000000000000000000004 /* TikkunMedia */,
				CC0000000000000000000071,
			);
			productName = App;
			productReference = 504EC3041FED79650016851F /* App.app */;
			productType = "com.apple.product-type.application";
		};
/* End PBXNativeTarget section */

/* Begin PBXProject section */
		504EC2FC1FED79650016851F /* Project object */ = {
			isa = PBXProject;
			attributes = {
				LastSwiftUpdateCheck = 0920;
				LastUpgradeCheck = 0920;
				TargetAttributes = {
					CC0000000000000000000051 = {CreatedOnToolsVersion = 26.0; ProvisioningStyle = Automatic; };
					504EC3031FED79650016851F = {
						CreatedOnToolsVersion = 9.2;
						LastSwiftMigration = 1100;
						ProvisioningStyle = Automatic;
					};
				};
			};
			buildConfigurationList = 504EC2FF1FED79650016851F /* Build configuration list for PBXProject "App" */;
			compatibilityVersion = "Xcode 8.0";
			developmentRegion = en;
			hasScannedForEncodings = 0;
			knownRegions = (
				en,
				Base,
			);
			mainGroup = 504EC2FB1FED79650016851F;
			packageReferences = (
				D4C12C0A2AAA248700AAC8A2 /* XCLocalSwiftPackageReference "CapApp-SPM" */,
				CA0000000000000000000005 /* XCLocalSwiftPackageReference "../TikkunPlayback" */,
				CB0000000000000000000005 /* XCLocalSwiftPackageReference "../TikkunMedia" */,
				CC0000000000000000000073,
			);
			productRefGroup = 504EC3051FED79650016851F /* Products */;
			projectDirPath = "";
			projectRoot = "";
			targets = (
				504EC3031FED79650016851F /* App */,
				CC0000000000000000000051,
			);
		};
/* End PBXProject section */

/* Begin PBXResourcesBuildPhase section */
		CC0000000000000000000043 = {isa = PBXResourcesBuildPhase; buildActionMask = 2147483647; files = (); runOnlyForDeploymentPostprocessing = 0; };
		504EC3021FED79650016851F /* Resources */ = {
			isa = PBXResourcesBuildPhase;
			buildActionMask = 2147483647;
			files = (
				504EC3121FED79650016851F /* LaunchScreen.storyboard in Resources */,
				CB0000000000000000000006 /* PrivacyInfo.xcprivacy in Resources */,
				50B271D11FEDC1A000F3C39B /* public in Resources */,
				504EC30F1FED79650016851F /* Assets.xcassets in Resources */,
				50379B232058CBB4000EE86E /* capacitor.config.json in Resources */,
				504EC30D1FED79650016851F /* Main.storyboard in Resources */,
				2FAD9763203C412B000D30F8 /* config.xml in Resources */,
			);
			runOnlyForDeploymentPostprocessing = 0;
		};
/* End PBXResourcesBuildPhase section */

/* Begin PBXSourcesBuildPhase section */
		CC0000000000000000000041 = {isa = PBXSourcesBuildPhase; buildActionMask = 2147483647; files = (CC0000000000000000000015, CC0000000000000000000016, ); runOnlyForDeploymentPostprocessing = 0; };
		504EC3001FED79650016851F /* Sources */ = {
			isa = PBXSourcesBuildPhase;
			buildActionMask = 2147483647;
			files = (
				504EC3081FED79650016851F /* AppDelegate.swift in Sources */,
				CA0000000000000000000001 /* TikkunPlaybackPlugin.swift in Sources */,
				CB0000000000000000000001 /* TikkunMediaPlugin.swift in Sources */,
				CC0000000000000000000011,
				CC0000000000000000000012,
				9582B6832FE993A70072D4E8 /* SceneDelegate.swift in Sources */,
			);
			runOnlyForDeploymentPostprocessing = 0;
		};
/* End PBXSourcesBuildPhase section */

/* Begin PBXVariantGroup section */
		504EC30B1FED79650016851F /* Main.storyboard */ = {
			isa = PBXVariantGroup;
			children = (
				504EC30C1FED79650016851F /* Base */,
			);
			name = Main.storyboard;
			sourceTree = "<group>";
		};
		504EC3101FED79650016851F /* LaunchScreen.storyboard */ = {
			isa = PBXVariantGroup;
			children = (
				504EC3111FED79650016851F /* Base */,
			);
			name = LaunchScreen.storyboard;
			sourceTree = "<group>";
		};
/* End PBXVariantGroup section */

/* Begin XCBuildConfiguration section */
		CC0000000000000000000061 = {
	buildSettings = {
		"APPLICATION_EXTENSION_API_ONLY" = YES;
		"CODE_SIGN_ENTITLEMENTS" = "TikkunWidgets/TikkunWidgets.entitlements";
		"CODE_SIGN_STYLE" = Automatic;
		"CURRENT_PROJECT_VERSION" = 6;
		"DEVELOPMENT_TEAM" = 5D862AQ8GV;
		"GENERATE_INFOPLIST_FILE" = YES;
		"INFOPLIST_FILE" = "TikkunWidgets/Info.plist";
		"IPHONEOS_DEPLOYMENT_TARGET" = "17.0";
		"LD_RUNPATH_SEARCH_PATHS" = (
			"$(inherited)",
			"@executable_path/Frameworks",
			"@executable_path/../../Frameworks",
		);
		"MARKETING_VERSION" = "1.0";
		"PRODUCT_BUNDLE_IDENTIFIER" = "com.adamn.tikkunreader.widgets";
		"PRODUCT_NAME" = "$(TARGET_NAME)";
		"SKIP_INSTALL" = YES;
		"SWIFT_VERSION" = "5.0";
		"TARGETED_DEVICE_FAMILY" = "1,2";
	};
	isa = XCBuildConfiguration;
	name = Debug;
};
		CC0000000000000000000062 = {
	buildSettings = {
		"APPLICATION_EXTENSION_API_ONLY" = YES;
		"CODE_SIGN_ENTITLEMENTS" = "TikkunWidgets/TikkunWidgets.entitlements";
		"CODE_SIGN_STYLE" = Automatic;
		"CURRENT_PROJECT_VERSION" = 6;
		"DEVELOPMENT_TEAM" = 5D862AQ8GV;
		"GENERATE_INFOPLIST_FILE" = YES;
		"INFOPLIST_FILE" = "TikkunWidgets/Info.plist";
		"IPHONEOS_DEPLOYMENT_TARGET" = "17.0";
		"LD_RUNPATH_SEARCH_PATHS" = (
			"$(inherited)",
			"@executable_path/Frameworks",
			"@executable_path/../../Frameworks",
		);
		"MARKETING_VERSION" = "1.0";
		"PRODUCT_BUNDLE_IDENTIFIER" = "com.adamn.tikkunreader.widgets";
		"PRODUCT_NAME" = "$(TARGET_NAME)";
		"SKIP_INSTALL" = YES;
		"SWIFT_VERSION" = "5.0";
		"TARGETED_DEVICE_FAMILY" = "1,2";
	};
	isa = XCBuildConfiguration;
	name = Release;
};
		504EC3141FED79650016851F /* Debug */ = {
			isa = XCBuildConfiguration;
			baseConfigurationReference = 958DCC722DB07C7200EA8C5F /* debug.xcconfig */;
			buildSettings = {
				ALWAYS_SEARCH_USER_PATHS = NO;
				CLANG_ANALYZER_NONNULL = YES;
				CLANG_ANALYZER_NUMBER_OBJECT_CONVERSION = YES_AGGRESSIVE;
				CLANG_CXX_LANGUAGE_STANDARD = "gnu++14";
				CLANG_CXX_LIBRARY = "libc++";
				CLANG_ENABLE_MODULES = YES;
				CLANG_ENABLE_OBJC_ARC = YES;
				CLANG_WARN_BLOCK_CAPTURE_AUTORELEASING = YES;
				CLANG_WARN_BOOL_CONVERSION = YES;
				CLANG_WARN_COMMA = YES;
				CLANG_WARN_CONSTANT_CONVERSION = YES;
				CLANG_WARN_DIRECT_OBJC_ISA_USAGE = YES_ERROR;
				CLANG_WARN_DOCUMENTATION_COMMENTS = YES;
				CLANG_WARN_EMPTY_BODY = YES;
				CLANG_WARN_ENUM_CONVERSION = YES;
				CLANG_WARN_INFINITE_RECURSION = YES;
				CLANG_WARN_INT_CONVERSION = YES;
				CLANG_WARN_NON_LITERAL_NULL_CONVERSION = YES;
				CLANG_WARN_OBJC_LITERAL_CONVERSION = YES;
				CLANG_WARN_OBJC_ROOT_CLASS = YES_ERROR;
				CLANG_WARN_RANGE_LOOP_ANALYSIS = YES;
				CLANG_WARN_STRICT_PROTOTYPES = YES;
				CLANG_WARN_SUSPICIOUS_MOVE = YES;
				CLANG_WARN_UNGUARDED_AVAILABILITY = YES_AGGRESSIVE;
				CLANG_WARN_UNREACHABLE_CODE = YES;
				CLANG_WARN__DUPLICATE_METHOD_MATCH = YES;
				CODE_SIGN_IDENTITY = "iPhone Developer";
				COPY_PHASE_STRIP = NO;
				DEBUG_INFORMATION_FORMAT = dwarf;
				ENABLE_STRICT_OBJC_MSGSEND = YES;
				ENABLE_TESTABILITY = YES;
				GCC_C_LANGUAGE_STANDARD = gnu11;
				GCC_DYNAMIC_NO_PIC = NO;
				GCC_NO_COMMON_BLOCKS = YES;
				GCC_OPTIMIZATION_LEVEL = 0;
				GCC_PREPROCESSOR_DEFINITIONS = (
					"DEBUG=1",
					"$(inherited)",
				);
				GCC_WARN_64_TO_32_BIT_CONVERSION = YES;
				GCC_WARN_ABOUT_RETURN_TYPE = YES_ERROR;
				GCC_WARN_UNDECLARED_SELECTOR = YES;
				GCC_WARN_UNINITIALIZED_AUTOS = YES_AGGRESSIVE;
				GCC_WARN_UNUSED_FUNCTION = YES;
				GCC_WARN_UNUSED_VARIABLE = YES;
				IPHONEOS_DEPLOYMENT_TARGET = 15.0;
				MTL_ENABLE_DEBUG_INFO = YES;
				ONLY_ACTIVE_ARCH = YES;
				SDKROOT = iphoneos;
				SWIFT_ACTIVE_COMPILATION_CONDITIONS = DEBUG;
				SWIFT_OPTIMIZATION_LEVEL = "-Onone";
			};
			name = Debug;
		};
		504EC3151FED79650016851F /* Release */ = {
			isa = XCBuildConfiguration;
			buildSettings = {
				ALWAYS_SEARCH_USER_PATHS = NO;
				CLANG_ANALYZER_NONNULL = YES;
				CLANG_ANALYZER_NUMBER_OBJECT_CONVERSION = YES_AGGRESSIVE;
				CLANG_CXX_LANGUAGE_STANDARD = "gnu++14";
				CLANG_CXX_LIBRARY = "libc++";
				CLANG_ENABLE_MODULES = YES;
				CLANG_ENABLE_OBJC_ARC = YES;
				CLANG_WARN_BLOCK_CAPTURE_AUTORELEASING = YES;
				CLANG_WARN_BOOL_CONVERSION = YES;
				CLANG_WARN_COMMA = YES;
				CLANG_WARN_CONSTANT_CONVERSION = YES;
				CLANG_WARN_DIRECT_OBJC_ISA_USAGE = YES_ERROR;
				CLANG_WARN_DOCUMENTATION_COMMENTS = YES;
				CLANG_WARN_EMPTY_BODY = YES;
				CLANG_WARN_ENUM_CONVERSION = YES;
				CLANG_WARN_INFINITE_RECURSION = YES;
				CLANG_WARN_INT_CONVERSION = YES;
				CLANG_WARN_NON_LITERAL_NULL_CONVERSION = YES;
				CLANG_WARN_OBJC_LITERAL_CONVERSION = YES;
				CLANG_WARN_OBJC_ROOT_CLASS = YES_ERROR;
				CLANG_WARN_RANGE_LOOP_ANALYSIS = YES;
				CLANG_WARN_STRICT_PROTOTYPES = YES;
				CLANG_WARN_SUSPICIOUS_MOVE = YES;
				CLANG_WARN_UNGUARDED_AVAILABILITY = YES_AGGRESSIVE;
				CLANG_WARN_UNREACHABLE_CODE = YES;
				CLANG_WARN__DUPLICATE_METHOD_MATCH = YES;
				CODE_SIGN_IDENTITY = "iPhone Developer";
				COPY_PHASE_STRIP = NO;
				DEBUG_INFORMATION_FORMAT = "dwarf-with-dsym";
				ENABLE_NS_ASSERTIONS = NO;
				ENABLE_STRICT_OBJC_MSGSEND = YES;
				GCC_C_LANGUAGE_STANDARD = gnu11;
				GCC_NO_COMMON_BLOCKS = YES;
				GCC_WARN_64_TO_32_BIT_CONVERSION = YES;
				GCC_WARN_ABOUT_RETURN_TYPE = YES_ERROR;
				GCC_WARN_UNDECLARED_SELECTOR = YES;
				GCC_WARN_UNINITIALIZED_AUTOS = YES_AGGRESSIVE;
				GCC_WARN_UNUSED_FUNCTION = YES;
				GCC_WARN_UNUSED_VARIABLE = YES;
				IPHONEOS_DEPLOYMENT_TARGET = 15.0;
				MTL_ENABLE_DEBUG_INFO = NO;
				SDKROOT = iphoneos;
				SWIFT_COMPILATION_MODE = wholemodule;
				SWIFT_OPTIMIZATION_LEVEL = "-O";
				VALIDATE_PRODUCT = YES;
			};
			name = Release;
		};
		504EC3171FED79650016851F /* Debug */ = {
	baseConfigurationReference = 958DCC722DB07C7200EA8C5F;
	buildSettings = {
		"ASSETCATALOG_COMPILER_APPICON_NAME" = AppIcon;
		"CODE_SIGN_ENTITLEMENTS" = "App/App.entitlements";
		"CODE_SIGN_STYLE" = Automatic;
		"CURRENT_PROJECT_VERSION" = 6;
		"DEVELOPMENT_TEAM" = 5D862AQ8GV;
		"INFOPLIST_FILE" = "App/Info.plist";
		"IPHONEOS_DEPLOYMENT_TARGET" = "15.0";
		"LD_RUNPATH_SEARCH_PATHS" = (
			"$(inherited)",
			"@executable_path/Frameworks",
		);
		"MARKETING_VERSION" = "1.0";
		"OTHER_SWIFT_FLAGS" = "$(inherited) \"-D\" \"COCOAPODS\" \"-DDEBUG\"";
		"PRODUCT_BUNDLE_IDENTIFIER" = "com.adamn.tikkunreader";
		"PRODUCT_NAME" = "$(TARGET_NAME)";
		"SWIFT_ACTIVE_COMPILATION_CONDITIONS" = DEBUG;
		"SWIFT_VERSION" = "5.0";
		"TARGETED_DEVICE_FAMILY" = "1,2";
	};
	isa = XCBuildConfiguration;
	name = Debug;
};
		504EC3181FED79650016851F /* Release */ = {
	buildSettings = {
		"ASSETCATALOG_COMPILER_APPICON_NAME" = AppIcon;
		"CODE_SIGN_ENTITLEMENTS" = "App/App.entitlements";
		"CODE_SIGN_STYLE" = Automatic;
		"CURRENT_PROJECT_VERSION" = 6;
		"DEVELOPMENT_TEAM" = 5D862AQ8GV;
		"INFOPLIST_FILE" = "App/Info.plist";
		"IPHONEOS_DEPLOYMENT_TARGET" = "15.0";
		"LD_RUNPATH_SEARCH_PATHS" = (
			"$(inherited)",
			"@executable_path/Frameworks",
		);
		"MARKETING_VERSION" = "1.0";
		"PRODUCT_BUNDLE_IDENTIFIER" = "com.adamn.tikkunreader";
		"PRODUCT_NAME" = "$(TARGET_NAME)";
		"SWIFT_ACTIVE_COMPILATION_CONDITIONS" = "";
		"SWIFT_VERSION" = "5.0";
		"TARGETED_DEVICE_FAMILY" = "1,2";
	};
	isa = XCBuildConfiguration;
	name = Release;
};
/* End XCBuildConfiguration section */

/* Begin XCConfigurationList section */
		CC0000000000000000000063 = {isa = XCConfigurationList; buildConfigurations = (CC0000000000000000000061, CC0000000000000000000062, ); defaultConfigurationIsVisible = 0; defaultConfigurationName = Release; };
		504EC2FF1FED79650016851F /* Build configuration list for PBXProject "App" */ = {
			isa = XCConfigurationList;
			buildConfigurations = (
				504EC3141FED79650016851F /* Debug */,
				504EC3151FED79650016851F /* Release */,
			);
			defaultConfigurationIsVisible = 0;
			defaultConfigurationName = Release;
		};
		504EC3161FED79650016851F /* Build configuration list for PBXNativeTarget "App" */ = {
			isa = XCConfigurationList;
			buildConfigurations = (
				504EC3171FED79650016851F /* Debug */,
				504EC3181FED79650016851F /* Release */,
			);
			defaultConfigurationIsVisible = 0;
			defaultConfigurationName = Release;
		};
/* End XCConfigurationList section */

/* Begin XCLocalSwiftPackageReference section */
		CC0000000000000000000073 = {isa = XCLocalSwiftPackageReference; relativePath = ../TikkunSystem; };
		CA0000000000000000000005 /* XCLocalSwiftPackageReference "../TikkunPlayback" */ = {
			isa = XCLocalSwiftPackageReference;
			relativePath = ../TikkunPlayback;
		};
		CB0000000000000000000005 /* XCLocalSwiftPackageReference "../TikkunMedia" */ = {
			isa = XCLocalSwiftPackageReference;
			relativePath = ../TikkunMedia;
		};
		D4C12C0A2AAA248700AAC8A2 /* XCLocalSwiftPackageReference "CapApp-SPM" */ = {
			isa = XCLocalSwiftPackageReference;
			relativePath = "CapApp-SPM";
		};
/* End XCLocalSwiftPackageReference section */

/* Begin XCSwiftPackageProductDependency section */
		CC0000000000000000000071 = {isa = XCSwiftPackageProductDependency; package = CC0000000000000000000073; productName = TikkunSystem; };
		CC0000000000000000000072 = {isa = XCSwiftPackageProductDependency; package = CC0000000000000000000073; productName = TikkunSystem; };
		4D22ABE82AF431CB00220026 /* CapApp-SPM */ = {
			isa = XCSwiftPackageProductDependency;
			package = D4C12C0A2AAA248700AAC8A2 /* XCLocalSwiftPackageReference "CapApp-SPM" */;
			productName = "CapApp-SPM";
		};
		CA0000000000000000000004 /* TikkunPlayback */ = {
			isa = XCSwiftPackageProductDependency;
			package = CA0000000000000000000005 /* XCLocalSwiftPackageReference "../TikkunPlayback" */;
			productName = TikkunPlayback;
		};
		CB0000000000000000000004 /* TikkunMedia */ = {
			isa = XCSwiftPackageProductDependency;
			package = CB0000000000000000000005 /* XCLocalSwiftPackageReference "../TikkunMedia" */;
			productName = TikkunMedia;
		};
/* End XCSwiftPackageProductDependency section */
		CC0000000000000000000044 = {isa = PBXCopyFilesBuildPhase; buildActionMask = 2147483647; dstPath = ""; dstSubfolderSpec = 13; files = (CC0000000000000000000017, ); name = "Embed App Extensions"; runOnlyForDeploymentPostprocessing = 0; };
		CC0000000000000000000081 = {isa = PBXContainerItemProxy; containerPortal = 504EC2FC1FED79650016851F; proxyType = 1; remoteGlobalIDString = CC0000000000000000000051; remoteInfo = TikkunWidgets; };
		CC0000000000000000000082 = {isa = PBXTargetDependency; target = CC0000000000000000000051; targetProxy = CC0000000000000000000081; };
	};
	rootObject = 504EC2FC1FED79650016851F /* Project object */;
}
